
Microsoft Visual Studio Solution File, Format Version 12.00
# Visual Studio Version 16
VisualStudioVersion = 16.0.34031.81
MinimumVisualStudioVersion = 10.0.40219.1
Project("{2150E333-8FDC-42A3-9474-1A3956D46DE8}") = "Task0", "Task0", "{DEB18059-6933-4ADE-8EA2-F29A852763C0}"
EndProject
Project("{FAE04EC0-301F-11D3-BF4B-00C04F79EFBC}") = "Tyuiu.GunbinNA.Sprint4.Task0.V19", "Tyuiu.GunbinNA.Sprint4.Task0.V19\Tyuiu.GunbinNA.Sprint4.Task0.V19.csproj", "{59C00976-B691-4960-A25E-97EDCA3F631F}"
EndProject
Project("{FAE04EC0-301F-11D3-BF4B-00C04F79EFBC}") = "Tyuiu.GunbinNA.Sprint4.Task0.V19.Lib", "Tyuiu.GunbinNA.Sprint4.Task0.V19.Lib\Tyuiu.GunbinNA.Sprint4.Task0.V19.Lib.csproj", "{EBD8D313-1079-44CB-9BF4-72F20FBEB049}"
EndProject
Project("{FAE04EC0-301F-11D3-BF4B-00C04F79EFBC}") = "Tyuiu.GunbinNA.Sprint4.Task0.V19.Test", "Tyuiu.GunbinNA.Sprint4.Task0.V19.Test\Tyuiu.GunbinNA.Sprint4.Task0.V19.Test.csproj", "{A73F2CB5-6A5D-49D4-BD71-90B9F8EAD12E}"
EndProject
Project("{2150E333-8FDC-42A3-9474-1A3956D46DE8}") = "Task1", "Task1", "{209A1776-AB0C-43BA-B35C-CED9AA6999EB}"
EndProject
Project("{FAE04EC0-301F-11D3-BF4B-00C04F79EFBC}") = "Tyuiu.GunbinNA.Sprint4.Task1.V27", "Tyuiu.GunbinNA.Sprint4.Task1.V27\Tyuiu.GunbinNA.Sprint4.Task1.V27.csproj", "{4C0EE5E1-7674-48D8-B21A-F1E860821D77}"
EndProject
Project("{FAE04EC0-301F-11D3-BF4B-00C04F79EFBC}") = "Tyuiu.GunbinNA.Sprint4.Task1.V27.Lib", "Tyuiu.GunbinNA.Sprint4.Task1.V27.Lib\Tyuiu.GunbinNA.Sprint4.Task1.V27.Lib.csproj", "{83201236-4C5E-4683-AC7F-5DEB4DB8378B}"
EndProject
Project("{FAE04EC0-301F-11D3-BF4B-00C04F79EFBC}") = "Tyuiu.GunbinNA.Sprint4.Task1.V27.Test", "Tyuiu.GunbinNA.Sprint4.Task1.V27.Test\Tyuiu.GunbinNA.Sprint4.Task1.V27.Test.csproj", "{4B3AE15C-98D0-468C-A52C-766B0912C7A6}"
EndProject
Global
	GlobalSection(SolutionConfigurationPlatforms) = preSolution
		Debug|Any CPU = Debug|Any CPU
		Release|Any CPU = Release|Any CPU
	EndGlobalSection
	GlobalSection(ProjectConfigurationPlatforms) = postSolution
		{59C00976-B691-4960-A25E-97EDCA3F631F}.Debug|Any CPU.ActiveCfg = Debug|Any CPU
		{59C00976-B691-4960-A25E-97EDCA3F631F}.Debug|Any CPU.Build.0 = Debug|Any CPU
		{59C00976-B691-4960-A25E-97EDCA3F631F}.Release|Any CPU.ActiveCfg = Release|Any CPU
		{59C00976-B691-4960-A25E-97EDCA3F631F}.Release|Any CPU.Build.0 = Release|Any CPU
		{EBD8D313-1079-44CB-9BF4-72F20FBEB049}.Debug|Any CPU.ActiveCfg = Debug|Any CPU
		{EBD8D313-1079-44CB-9BF4-72F20FBEB049}.Debug|Any CPU.Build.0 = Debug|Any CPU
		{EBD8D313-1079-44CB-9BF4-72F20FBEB049}.Release|Any CPU.ActiveCfg = Release|Any CPU
		{EBD8D313-1079-44CB-9BF4-72F20FBEB049}.Release|Any CPU.Build.0 = Release|Any CPU
		{A73F2CB5-6A5D-49D4-BD71-90B9F8EAD12E}.Debug|Any CPU.ActiveCfg = Debug|Any CPU
		{A73F2CB5-6A5D-49D4-BD71-90B9F8EAD12E}.Debug|Any CPU.Build.0 = Debug|Any CPU
		{A73F2CB5-6A5D-49D4-BD71-90B9F8EAD12E}.Release|Any CPU.ActiveCfg = Release|Any CPU
		{A73F2CB5-6A5D-49D4-BD71-90B9F8EAD12E}.Release|Any CPU.Build.0 = Release|Any CPU
		{4C0EE5E1-7674-48D8-B21A-F1E860821D77}.Debug|Any CPU.ActiveCfg = Debug|Any CPU
		{4C0EE5E1-7674-48D8-B21A-F1E860821D77}.Debug|Any CPU.Build.0 = Debug|Any CPU
		{4C0EE5E1-7674-48D8-B21A-F1E860821D77}.Release|Any CPU.ActiveCfg = Release|Any CPU
		{4C0EE5E1-7674-48D8-B21A-F1E860821D77}.Release|Any CPU.Build.0 = Release|Any CPU
		{83201236-4C5E-4683-AC7F-5DEB4DB8378B}.Debug|Any CPU.ActiveCfg = Debug|Any CPU
		{83201236-4C5E-4683-AC7F-5DEB4DB8378B}.Debug|Any CPU.Build.0 = Debug|Any CPU
		{83201236-4C5E-4683-AC7F-5DEB4DB8378B}.Release|Any CPU.ActiveCfg = Release|Any CPU
		{83201236-4C5E-4683-AC7F-5DEB4DB8378B}.Release|Any CPU.Build.0 = Release|Any CPU
		{4B3AE15C-98D0-468C-A52C-766B0912C7A6}.Debug|Any CPU.ActiveCfg = Debug|Any CPU
		{4B3AE15C-98D0-468C-A52C-766B0912C7A6}.Debug|Any CPU.Build.0 = Debug|Any CPU
		{4B3AE15C-98D0-468C-A52C-766B0912C7A6}.Release|Any CPU.ActiveCfg = Release|Any CPU
		{4B3AE15C-98D0-468C-A52C-766B0912C7A6}.Release|Any CPU.Build.0 = Release|Any CPU
	EndGlobalSection
	GlobalSection(SolutionProperties) = preSolution
		HideSolutionNode = FALSE
	EndGlobalSection
	GlobalSection(NestedProjects) = preSolution
		{59C00976-B691-4960-A25E-97EDCA3F631F} = {DEB18059-6933-4ADE-8EA2-F29A852763C0}
		{EBD8D313-1079-44CB-9BF4-72F20FBEB049} = {DEB18059-6933-4ADE-8EA2-F29A852763C0}
		{A73F2CB5-6A5D-49D4-BD71-90B9F8EAD12E} = {DEB18059-6933-4ADE-8EA2-F29A852763C0}
		{4C0EE5E1-7674-48D8-B21A-F1E860821D77} = {209A1776-AB0C-43BA-B35C-CED9AA6999EB}
		{83201236-4C5E-4683-AC7F-5DEB4DB8378B} = {209A1776-AB0C-43BA-B35C-CED9AA6999EB}
		{4B3AE15C-98D0-468C-A52C-766B0912C7A6} = {209A1776-AB0C-43BA-B35C-CED9AA6999EB}
	EndGlobalSection
	GlobalSection(ExtensibilityGlobals) = postSolution
		SolutionGuid = {5D27AB9C-9F12-455C-8BA7-B40726076AD3}
	EndGlobalSection
EndGlobal
