
Microsoft Visual Studio Solution File, Format Version 12.00
# Visual Studio Version 16
VisualStudioVersion = 16.0.34031.81
MinimumVisualStudioVersion = 10.0.40219.1
Project("{2150E333-8FDC-42A3-9474-1A3956D46DE8}") = "Task0", "Task0", "{DEB18059-6933-4ADE-8EA2-F29A852763C0}"
EndProject
Project("{FAE04EC0-301F-11D3-BF4B-00C04F79EFBC}") = "Tyuiu.GunbinNA.Sprint4.Task0.V19", "Tyuiu.GunbinNA.Sprint4.Task0.V19\Tyuiu.GunbinNA.Sprint4.Task0.V19.csproj", "{59C00976-B691-4960-A25E-97EDCA3F631F}"
EndProject
Project("{FAE04EC0-301F-11D3-BF4B-00C04F79EFBC}") = "Tyuiu.GunbinNA.Sprint4.Task0.V19.Lib", "Tyuiu.GunbinNA.Sprint4.Task0.V19.Lib\Tyuiu.GunbinNA.Sprint4.Task0.V19.Lib.csproj", "{EBD8D313-1079-44CB-9BF4-72F20FBEB049}"
EndProject
Project("{FAE04EC0-301F-11D3-BF4B-00C04F79EFBC}") = "Tyuiu.GunbinNA.Sprint4.Task0.V19.Test", "Tyuiu.GunbinNA.Sprint4.Task0.V19.Test\Tyuiu.GunbinNA.Sprint4.Task0.V19.Test.csproj", "{A73F2CB5-6A5D-49D4-BD71-90B9F8EAD12E}"
EndProject
Project("{2150E333-8FDC-42A3-9474-1A3956D46DE8}") = "Task1", "Task1", "{209A1776-AB0C-43BA-B35C-CED9AA6999EB}"
EndProject
Project("{FAE04EC0-301F-11D3-BF4B-00C04F79EFBC}") = "Tyuiu.GunbinNA.Sprint4.Task1.V27", "Tyuiu.GunbinNA.Sprint4.Task1.V27\Tyuiu.GunbinNA.Sprint4.Task1.V27.csproj", "{4C0EE5E1-7674-48D8-B21A-F1E860821D77}"
EndProject
Project("{FAE04EC0-301F-11D3-BF4B-00C04F79EFBC}") = "Tyuiu.GunbinNA.Sprint4.Task1.V27.Lib", "Tyuiu.GunbinNA.Sprint4.Task1.V27.Lib\Tyuiu.GunbinNA.Sprint4.Task1.V27.Lib.csproj", "{83201236-4C5E-4683-AC7F-5DEB4DB8378B}"
EndProject
Project("{FAE04EC0-301F-11D3-BF4B-00C04F79EFBC}") = "Tyuiu.GunbinNA.Sprint4.Task1.V27.Test", "Tyuiu.GunbinNA.Sprint4.Task1.V27.Test\Tyuiu.GunbinNA.Sprint4.Task1.V27.Test.csproj", "{4B3AE15C-98D0-468C-A52C-766B0912C7A6}"
EndProject
Project("{2150E333-8FDC-42A3-9474-1A3956D46DE8}") = "Task2", "Task2", "{F351E1BA-9B2C-47CA-B11C-B6A34C5925C0}"
EndProject
Project("{FAE04EC0-301F-11D3-BF4B-00C04F79EFBC}") = "Tyuiu.GunbinNA.Sprint4.Task2.V15", "Tyuiu.GunbinNA.Sprint4.Task2.V15\Tyuiu.GunbinNA.Sprint4.Task2.V15.csproj", "{8CD8347B-BFBF-4375-AC92-1DEFB9365826}"
EndProject
Project("{FAE04EC0-301F-11D3-BF4B-00C04F79EFBC}") = "Tyuiu.GunbinNA.Sprint4.Task2.V15.Lib", "Tyuiu.GunbinNA.Sprint4.Task2.V15.Lib\Tyuiu.GunbinNA.Sprint4.Task2.V15.Lib.csproj", "{02259A6C-82A9-4F51-A861-0B7B12ED16BD}"
EndProject
Project("{FAE04EC0-301F-11D3-BF4B-00C04F79EFBC}") = "Tyuiu.GunbinNA.Sprint4.Task2.V15.Test", "Tyuiu.GunbinNA.Sprint4.Task2.V15.Test\Tyuiu.GunbinNA.Sprint4.Task2.V15.Test.csproj", "{E589604D-7D2C-483A-A78A-B485B93D9E2C}"
EndProject
Project("{2150E333-8FDC-42A3-9474-1A3956D46DE8}") = "Task3", "Task3", "{F1D72E5A-6394-41B7-A0C3-F00A5F63EE70}"
EndProject
Project("{FAE04EC0-301F-11D3-BF4B-00C04F79EFBC}") = "Tyuiu.GunbinNA.Sprint4.Task3.V17", "Tyuiu.GunbinNA.Sprint4.Task3.V17\Tyuiu.GunbinNA.Sprint4.Task3.V17.csproj", "{019A3019-2CE6-41F8-BE57-90A619B3F0A0}"
EndProject
Project("{FAE04EC0-301F-11D3-BF4B-00C04F79EFBC}") = "Tyuiu.GunbinNA.Sprint4.Task3.V17.Lib", "Tyuiu.GunbinNA.Sprint4.Task3.V17.Lib\Tyuiu.GunbinNA.Sprint4.Task3.V17.Lib.csproj", "{BB1F7179-8434-4825-ABE0-3FBCB4BAEFBD}"
EndProject
Project("{FAE04EC0-301F-11D3-BF4B-00C04F79EFBC}") = "Tyuiu.GunbinNA.Sprint4.Task3.V17.Test", "Tyuiu.GunbinNA.Sprint4.Task3.V17.Test\Tyuiu.GunbinNA.Sprint4.Task3.V17.Test.csproj", "{F1D76EBE-490E-44A2-9B6A-1A931C6D93ED}"
EndProject
Project("{2150E333-8FDC-42A3-9474-1A3956D46DE8}") = "Task4", "Task4", "{0AD1D6B9-BA02-4334-AC97-37944AC2BEAF}"
EndProject
Project("{FAE04EC0-301F-11D3-BF4B-00C04F79EFBC}") = "Tyuiu.GunbinNA.Sprint4.Task4.V13", "Tyuiu.GunbinNA.Sprint4.Task4.V13\Tyuiu.GunbinNA.Sprint4.Task4.V13.csproj", "{FFCA96E1-FED0-44B6-A93F-0DC58870597B}"
EndProject
Project("{FAE04EC0-301F-11D3-BF4B-00C04F79EFBC}") = "Tyuiu.GunbinNA.Sprint4.Task4.V13.Lib", "Tyuiu.GunbinNA.Sprint4.Task4.V13.Lib\Tyuiu.GunbinNA.Sprint4.Task4.V13.Lib.csproj", "{B36E6008-0614-4C6B-A773-A3BEB8858B55}"
EndProject
Project("{FAE04EC0-301F-11D3-BF4B-00C04F79EFBC}") = "Tyuiu.GunbinNA.Sprint4.Task4.V13.Test", "Tyuiu.GunbinNA.Sprint4.Task4.V13.Test\Tyuiu.GunbinNA.Sprint4.Task4.V13.Test.csproj", "{6F3E2F58-9AA4-4714-A021-D487CA091C27}"
EndProject
Project("{2150E333-8FDC-42A3-9474-1A3956D46DE8}") = "Task5", "Task5", "{390F3B72-D318-46FD-A09E-EE4D9A241284}"
EndProject
Project("{FAE04EC0-301F-11D3-BF4B-00C04F79EFBC}") = "Tyuiu.GunbinNA.Sprint4.Task5.V14", "Tyuiu.GunbinNA.Sprint4.Task5.V14\Tyuiu.GunbinNA.Sprint4.Task5.V14.csproj", "{6C6C9FB3-55D0-4308-8BD3-E7669504073A}"
EndProject
Project("{FAE04EC0-301F-11D3-BF4B-00C04F79EFBC}") = "Tyuiu.GunbinNA.Sprint4.Task5.V14.Lib", "Tyuiu.GunbinNA.Sprint4.Task5.V14.Lib\Tyuiu.GunbinNA.Sprint4.Task5.V14.Lib.csproj", "{09CB808C-C48F-4718-9AB2-C132B4D6CB43}"
EndProject
Project("{FAE04EC0-301F-11D3-BF4B-00C04F79EFBC}") = "Tyuiu.GunbinNA.Sprint4.Task5.V14.Test", "Tyuiu.GunbinNA.Sprint4.Task5.V14.Test\Tyuiu.GunbinNA.Sprint4.Task5.V14.Test.csproj", "{D16C9DE0-3A32-41A9-8ED7-0788679BB0BC}"
EndProject
Global
	GlobalSection(SolutionConfigurationPlatforms) = preSolution
		Debug|Any CPU = Debug|Any CPU
		Release|Any CPU = Release|Any CPU
	EndGlobalSection
	GlobalSection(ProjectConfigurationPlatforms) = postSolution
		{59C00976-B691-4960-A25E-97EDCA3F631F}.Debug|Any CPU.ActiveCfg = Debug|Any CPU
		{59C00976-B691-4960-A25E-97EDCA3F631F}.Debug|Any CPU.Build.0 = Debug|Any CPU
		{59C00976-B691-4960-A25E-97EDCA3F631F}.Release|Any CPU.ActiveCfg = Release|Any CPU
		{59C00976-B691-4960-A25E-97EDCA3F631F}.Release|Any CPU.Build.0 = Release|Any CPU
		{EBD8D313-1079-44CB-9BF4-72F20FBEB049}.Debug|Any CPU.ActiveCfg = Debug|Any CPU
		{EBD8D313-1079-44CB-9BF4-72F20FBEB049}.Debug|Any CPU.Build.0 = Debug|Any CPU
		{EBD8D313-1079-44CB-9BF4-72F20FBEB049}.Release|Any CPU.ActiveCfg = Release|Any CPU
		{EBD8D313-1079-44CB-9BF4-72F20FBEB049}.Release|Any CPU.Build.0 = Release|Any CPU
		{A73F2CB5-6A5D-49D4-BD71-90B9F8EAD12E}.Debug|Any CPU.ActiveCfg = Debug|Any CPU
		{A73F2CB5-6A5D-49D4-BD71-90B9F8EAD12E}.Debug|Any CPU.Build.0 = Debug|Any CPU
		{A73F2CB5-6A5D-49D4-BD71-90B9F8EAD12E}.Release|Any CPU.ActiveCfg = Release|Any CPU
		{A73F2CB5-6A5D-49D4-BD71-90B9F8EAD12E}.Release|Any CPU.Build.0 = Release|Any CPU
		{4C0EE5E1-7674-48D8-B21A-F1E860821D77}.Debug|Any CPU.ActiveCfg = Debug|Any CPU
		{4C0EE5E1-7674-48D8-B21A-F1E860821D77}.Debug|Any CPU.Build.0 = Debug|Any CPU
		{4C0EE5E1-7674-48D8-B21A-F1E860821D77}.Release|Any CPU.ActiveCfg = Release|Any CPU
		{4C0EE5E1-7674-48D8-B21A-F1E860821D77}.Release|Any CPU.Build.0 = Release|Any CPU
		{83201236-4C5E-4683-AC7F-5DEB4DB8378B}.Debug|Any CPU.ActiveCfg = Debug|Any CPU
		{83201236-4C5E-4683-AC7F-5DEB4DB8378B}.Debug|Any CPU.Build.0 = Debug|Any CPU
		{83201236-4C5E-4683-AC7F-5DEB4DB8378B}.Release|Any CPU.ActiveCfg = Release|Any CPU
		{83201236-4C5E-4683-AC7F-5DEB4DB8378B}.Release|Any CPU.Build.0 = Release|Any CPU
		{4B3AE15C-98D0-468C-A52C-766B0912C7A6}.Debug|Any CPU.ActiveCfg = Debug|Any CPU
		{4B3AE15C-98D0-468C-A52C-766B0912C7A6}.Debug|Any CPU.Build.0 = Debug|Any CPU
		{4B3AE15C-98D0-468C-A52C-766B0912C7A6}.Release|Any CPU.ActiveCfg = Release|Any CPU
		{4B3AE15C-98D0-468C-A52C-766B0912C7A6}.Release|Any CPU.Build.0 = Release|Any CPU
		{8CD8347B-BFBF-4375-AC92-1DEFB9365826}.Debug|Any CPU.ActiveCfg = Debug|Any CPU
		{8CD8347B-BFBF-4375-AC92-1DEFB9365826}.Debug|Any CPU.Build.0 = Debug|Any CPU
		{8CD8347B-BFBF-4375-AC92-1DEFB9365826}.Release|Any CPU.ActiveCfg = Release|Any CPU
		{8CD8347B-BFBF-4375-AC92-1DEFB9365826}.Release|Any CPU.Build.0 = Release|Any CPU
		{02259A6C-82A9-4F51-A861-0B7B12ED16BD}.Debug|Any CPU.ActiveCfg = Debug|Any CPU
		{02259A6C-82A9-4F51-A861-0B7B12ED16BD}.Debug|Any CPU.Build.0 = Debug|Any CPU
		{02259A6C-82A9-4F51-A861-0B7B12ED16BD}.Release|Any CPU.ActiveCfg = Release|Any CPU
		{02259A6C-82A9-4F51-A861-0B7B12ED16BD}.Release|Any CPU.Build.0 = Release|Any CPU
		{E589604D-7D2C-483A-A78A-B485B93D9E2C}.Debug|Any CPU.ActiveCfg = Debug|Any CPU
		{E589604D-7D2C-483A-A78A-B485B93D9E2C}.Debug|Any CPU.Build.0 = Debug|Any CPU
		{E589604D-7D2C-483A-A78A-B485B93D9E2C}.Release|Any CPU.ActiveCfg = Release|Any CPU
		{E589604D-7D2C-483A-A78A-B485B93D9E2C}.Release|Any CPU.Build.0 = Release|Any CPU
		{019A3019-2CE6-41F8-BE57-90A619B3F0A0}.Debug|Any CPU.ActiveCfg = Debug|Any CPU
		{019A3019-2CE6-41F8-BE57-90A619B3F0A0}.Debug|Any CPU.Build.0 = Debug|Any CPU
		{019A3019-2CE6-41F8-BE57-90A619B3F0A0}.Release|Any CPU.ActiveCfg = Release|Any CPU
		{019A3019-2CE6-41F8-BE57-90A619B3F0A0}.Release|Any CPU.Build.0 = Release|Any CPU
		{BB1F7179-8434-4825-ABE0-3FBCB4BAEFBD}.Debug|Any CPU.ActiveCfg = Debug|Any CPU
		{BB1F7179-8434-4825-ABE0-3FBCB4BAEFBD}.Debug|Any CPU.Build.0 = Debug|Any CPU
		{BB1F7179-8434-4825-ABE0-3FBCB4BAEFBD}.Release|Any CPU.ActiveCfg = Release|Any CPU
		{BB1F7179-8434-4825-ABE0-3FBCB4BAEFBD}.Release|Any CPU.Build.0 = Release|Any CPU
		{F1D76EBE-490E-44A2-9B6A-1A931C6D93ED}.Debug|Any CPU.ActiveCfg = Debug|Any CPU
		{F1D76EBE-490E-44A2-9B6A-1A931C6D93ED}.Debug|Any CPU.Build.0 = Debug|Any CPU
		{F1D76EBE-490E-44A2-9B6A-1A931C6D93ED}.Release|Any CPU.ActiveCfg = Release|Any CPU
		{F1D76EBE-490E-44A2-9B6A-1A931C6D93ED}.Release|Any CPU.Build.0 = Release|Any CPU
		{FFCA96E1-FED0-44B6-A93F-0DC58870597B}.Debug|Any CPU.ActiveCfg = Debug|Any CPU
		{FFCA96E1-FED0-44B6-A93F-0DC58870597B}.Debug|Any CPU.Build.0 = Debug|Any CPU
		{FFCA96E1-FED0-44B6-A93F-0DC58870597B}.Release|Any CPU.ActiveCfg = Release|Any CPU
		{FFCA96E1-FED0-44B6-A93F-0DC58870597B}.Release|Any CPU.Build.0 = Release|Any CPU
		{B36E6008-0614-4C6B-A773-A3BEB8858B55}.Debug|Any CPU.ActiveCfg = Debug|Any CPU
		{B36E6008-0614-4C6B-A773-A3BEB8858B55}.Debug|Any CPU.Build.0 = Debug|Any CPU
		{B36E6008-0614-4C6B-A773-A3BEB8858B55}.Release|Any CPU.ActiveCfg = Release|Any CPU
		{B36E6008-0614-4C6B-A773-A3BEB8858B55}.Release|Any CPU.Build.0 = Release|Any CPU
		{6F3E2F58-9AA4-4714-A021-D487CA091C27}.Debug|Any CPU.ActiveCfg = Debug|Any CPU
		{6F3E2F58-9AA4-4714-A021-D487CA091C27}.Debug|Any CPU.Build.0 = Debug|Any CPU
		{6F3E2F58-9AA4-4714-A021-D487CA091C27}.Release|Any CPU.ActiveCfg = Release|Any CPU
		{6F3E2F58-9AA4-4714-A021-D487CA091C27}.Release|Any CPU.Build.0 = Release|Any CPU
		{6C6C9FB3-55D0-4308-8BD3-E7669504073A}.Debug|Any CPU.ActiveCfg = Debug|Any CPU
		{6C6C9FB3-55D0-4308-8BD3-E7669504073A}.Debug|Any CPU.Build.0 = Debug|Any CPU
		{6C6C9FB3-55D0-4308-8BD3-E7669504073A}.Release|Any CPU.ActiveCfg = Release|Any CPU
		{6C6C9FB3-55D0-4308-8BD3-E7669504073A}.Release|Any CPU.Build.0 = Release|Any CPU
		{09CB808C-C48F-4718-9AB2-C132B4D6CB43}.Debug|Any CPU.ActiveCfg = Debug|Any CPU
		{09CB808C-C48F-4718-9AB2-C132B4D6CB43}.Debug|Any CPU.Build.0 = Debug|Any CPU
		{09CB808C-C48F-4718-9AB2-C132B4D6CB43}.Release|Any CPU.ActiveCfg = Release|Any CPU
		{09CB808C-C48F-4718-9AB2-C132B4D6CB43}.Release|Any CPU.Build.0 = Release|Any CPU
		{D16C9DE0-3A32-41A9-8ED7-0788679BB0BC}.Debug|Any CPU.ActiveCfg = Debug|Any CPU
		{D16C9DE0-3A32-41A9-8ED7-0788679BB0BC}.Debug|Any CPU.Build.0 = Debug|Any CPU
		{D16C9DE0-3A32-41A9-8ED7-0788679BB0BC}.Release|Any CPU.ActiveCfg = Release|Any CPU
		{D16C9DE0-3A32-41A9-8ED7-0788679BB0BC}.Release|Any CPU.Build.0 = Release|Any CPU
	EndGlobalSection
	GlobalSection(SolutionProperties) = preSolution
		HideSolutionNode = FALSE
	EndGlobalSection
	GlobalSection(NestedProjects) = preSolution
		{59C00976-B691-4960-A25E-97EDCA3F631F} = {DEB18059-6933-4ADE-8EA2-F29A852763C0}
		{EBD8D313-1079-44CB-9BF4-72F20FBEB049} = {DEB18059-6933-4ADE-8EA2-F29A852763C0}
		{A73F2CB5-6A5D-49D4-BD71-90B9F8EAD12E} = {DEB18059-6933-4ADE-8EA2-F29A852763C0}
		{4C0EE5E1-7674-48D8-B21A-F1E860821D77} = {209A1776-AB0C-43BA-B35C-CED9AA6999EB}
		{83201236-4C5E-4683-AC7F-5DEB4DB8378B} = {209A1776-AB0C-43BA-B35C-CED9AA6999EB}
		{4B3AE15C-98D0-468C-A52C-766B0912C7A6} = {209A1776-AB0C-43BA-B35C-CED9AA6999EB}
		{8CD8347B-BFBF-4375-AC92-1DEFB9365826} = {F351E1BA-9B2C-47CA-B11C-B6A34C5925C0}
		{02259A6C-82A9-4F51-A861-0B7B12ED16BD} = {F351E1BA-9B2C-47CA-B11C-B6A34C5925C0}
		{E589604D-7D2C-483A-A78A-B485B93D9E2C} = {F351E1BA-9B2C-47CA-B11C-B6A34C5925C0}
		{019A3019-2CE6-41F8-BE57-90A619B3F0A0} = {F1D72E5A-6394-41B7-A0C3-F00A5F63EE70}
		{BB1F7179-8434-4825-ABE0-3FBCB4BAEFBD} = {F1D72E5A-6394-41B7-A0C3-F00A5F63EE70}
		{F1D76EBE-490E-44A2-9B6A-1A931C6D93ED} = {F1D72E5A-6394-41B7-A0C3-F00A5F63EE70}
		{FFCA96E1-FED0-44B6-A93F-0DC58870597B} = {0AD1D6B9-BA02-4334-AC97-37944AC2BEAF}
		{B36E6008-0614-4C6B-A773-A3BEB8858B55} = {0AD1D6B9-BA02-4334-AC97-37944AC2BEAF}
		{6F3E2F58-9AA4-4714-A021-D487CA091C27} = {0AD1D6B9-BA02-4334-AC97-37944AC2BEAF}
		{6C6C9FB3-55D0-4308-8BD3-E7669504073A} = {390F3B72-D318-46FD-A09E-EE4D9A241284}
		{09CB808C-C48F-4718-9AB2-C132B4D6CB43} = {390F3B72-D318-46FD-A09E-EE4D9A241284}
		{D16C9DE0-3A32-41A9-8ED7-0788679BB0BC} = {390F3B72-D318-46FD-A09E-EE4D9A241284}
	EndGlobalSection
	GlobalSection(ExtensibilityGlobals) = postSolution
		SolutionGuid = {5D27AB9C-9F12-455C-8BA7-B40726076AD3}
	EndGlobalSection
EndGlobal
